
Microsoft Visual Studio Solution File, Format Version 12.00
# Visual Studio 2013
VisualStudioVersion = 12.0.30501.0
MinimumVisualStudioVersion = 10.0.40219.1
Project("{8BC9CEB8-8B4A-11D0-8D11-00A0C91BC942}") = "Jurassic Arena Final Project 2", "Jurassic Arena Final Project 2\Jurassic Arena Final Project 2.vcxproj", "{E930E337-2F68-487B-90C9-267F4584E2FD}"
EndProject
Global
	GlobalSection(SolutionConfigurationPlatforms) = preSolution
		Debug|Win32 = Debug|Win32
		Release|Win32 = Release|Win32
	EndGlobalSection
	GlobalSection(ProjectConfigurationPlatforms) = postSolution
		{E930E337-2F68-487B-90C9-267F4584E2FD}.Debug|Win32.ActiveCfg = Debug|Win32
		{E930E337-2F68-487B-90C9-267F4584E2FD}.Debug|Win32.Build.0 = Debug|Win32
		{E930E337-2F68-487B-90C9-267F4584E2FD}.Release|Win32.ActiveCfg = Release|Win32
		{E930E337-2F68-487B-90C9-267F4584E2FD}.Release|Win32.Build.0 = Release|Win32
	EndGlobalSection
	GlobalSection(SolutionProperties) = preSolution
		HideSolutionNode = FALSE
	EndGlobalSection
EndGlobal
